
Microsoft Visual Studio Solution File, Format Version 12.00
# Visual Studio Version 16
VisualStudioVersion = 16.0.30907.101
MinimumVisualStudioVersion = 10.0.40219.1
Project("{FAE04EC0-301F-11D3-BF4B-00C04F79EFBC}") = "Silin_Logvinenko_lr1", "Silin_Logvinenko_lr1\Silin_Logvinenko_lr1.csproj", "{2059B48E-B1EC-44B7-AA34-FF5C94FB3E22}"
EndProject
Global
	GlobalSection(SolutionConfigurationPlatforms) = preSolution
		Debug|Any CPU = Debug|Any CPU
		Release|Any CPU = Release|Any CPU
	EndGlobalSection
	GlobalSection(ProjectConfigurationPlatforms) = postSolution
		{2059B48E-B1EC-44B7-AA34-FF5C94FB3E22}.Debug|Any CPU.ActiveCfg = Debug|Any CPU
		{2059B48E-B1EC-44B7-AA34-FF5C94FB3E22}.Debug|Any CPU.Build.0 = Debug|Any CPU
		{2059B48E-B1EC-44B7-AA34-FF5C94FB3E22}.Release|Any CPU.ActiveCfg = Release|Any CPU
		{2059B48E-B1EC-44B7-AA34-FF5C94FB3E22}.Release|Any CPU.Build.0 = Release|Any CPU
	EndGlobalSection
	GlobalSection(SolutionProperties) = preSolution
		HideSolutionNode = FALSE
	EndGlobalSection
	GlobalSection(ExtensibilityGlobals) = postSolution
		SolutionGuid = {B9A13222-2D76-4ADE-9A43-745678A16745}
	EndGlobalSection
EndGlobal
